
Microsoft Visual Studio Solution File, Format Version 12.00
# Visual Studio Version 17
VisualStudioVersion = 17.4.33213.308
MinimumVisualStudioVersion = 10.0.40219.1
Project("{FAE04EC0-301F-11D3-BF4B-00C04F79EFBC}") = "MyPortfolio", "MyPortfolio\MyPortfolio.csproj", "{2D14C0D5-1942-419F-AB5E-C7C735A5B864}"
EndProject
Global
	GlobalSection(SolutionConfigurationPlatforms) = preSolution
		Debug|Any CPU = Debug|Any CPU
		Release|Any CPU = Release|Any CPU
	EndGlobalSection
	GlobalSection(ProjectConfigurationPlatforms) = postSolution
		{2D14C0D5-1942-419F-AB5E-C7C735A5B864}.Debug|Any CPU.ActiveCfg = Debug|Any CPU
		{2D14C0D5-1942-419F-AB5E-C7C735A5B864}.Debug|Any CPU.Build.0 = Debug|Any CPU
		{2D14C0D5-1942-419F-AB5E-C7C735A5B864}.Release|Any CPU.ActiveCfg = Release|Any CPU
		{2D14C0D5-1942-419F-AB5E-C7C735A5B864}.Release|Any CPU.Build.0 = Release|Any CPU
	EndGlobalSection
	GlobalSection(SolutionProperties) = preSolution
		HideSolutionNode = FALSE
	EndGlobalSection
	GlobalSection(ExtensibilityGlobals) = postSolution
		SolutionGuid = {1C1AEEC8-FE8F-4836-937F-B9E9366E36F5}
	EndGlobalSection
EndGlobal
